Microsoft Visual Studio Solution File, Format Version 12.00
# Visual Studio Version 17
VisualStudioVersion = 17.5.2.0
MinimumVisualStudioVersion = 10.0.40219.1
Project("{2150E333-8FDC-42A3-9474-1A3956D46DE8}") = "src", "src", "{827E0CD3-B72D-47B6-A68D-7590B98EB39B}"
EndProject
Project("{2150E333-8FDC-42A3-9474-1A3956D46DE8}") = "samples", "samples", "{5D20AA90-6969-D8BD-9DCD-8634F4692FDA}"
EndProject
Project("{FAE04EC0-301F-11D3-BF4B-00C04F79EFBC}") = "Refractored.GitHub.Copilot.SDK.Helpers", "src\Refractored.GitHub.Copilot.SDK.Helpers.csproj", "{0B27DA9D-A9CA-212F-9151-178835E00CBC}"
EndProject
Project("{FAE04EC0-301F-11D3-BF4B-00C04F79EFBC}") = "TestApp", "samples\TestApp\TestApp.csproj", "{8A541108-751C-817B-2AC5-4F1573E402F0}"
EndProject
Global
	GlobalSection(SolutionConfigurationPlatforms) = preSolution
		Debug|Any CPU = Debug|Any CPU
		Release|Any CPU = Release|Any CPU
	EndGlobalSection
	GlobalSection(ProjectConfigurationPlatforms) = postSolution
		{0B27DA9D-A9CA-212F-9151-178835E00CBC}.Debug|Any CPU.ActiveCfg = Debug|Any CPU
		{0B27DA9D-A9CA-212F-9151-178835E00CBC}.Debug|Any CPU.Build.0 = Debug|Any CPU
		{0B27DA9D-A9CA-212F-9151-178835E00CBC}.Release|Any CPU.ActiveCfg = Release|Any CPU
		{0B27DA9D-A9CA-212F-9151-178835E00CBC}.Release|Any CPU.Build.0 = Release|Any CPU
		{8A541108-751C-817B-2AC5-4F1573E402F0}.Debug|Any CPU.ActiveCfg = Debug|Any CPU
		{8A541108-751C-817B-2AC5-4F1573E402F0}.Debug|Any CPU.Build.0 = Debug|Any CPU
		{8A541108-751C-817B-2AC5-4F1573E402F0}.Release|Any CPU.ActiveCfg = Release|Any CPU
		{8A541108-751C-817B-2AC5-4F1573E402F0}.Release|Any CPU.Build.0 = Release|Any CPU
	EndGlobalSection
	GlobalSection(SolutionProperties) = preSolution
		HideSolutionNode = FALSE
	EndGlobalSection
	GlobalSection(NestedProjects) = preSolution
		{0B27DA9D-A9CA-212F-9151-178835E00CBC} = {827E0CD3-B72D-47B6-A68D-7590B98EB39B}
		{8A541108-751C-817B-2AC5-4F1573E402F0} = {5D20AA90-6969-D8BD-9DCD-8634F4692FDA}
	EndGlobalSection
	GlobalSection(ExtensibilityGlobals) = postSolution
		SolutionGuid = {65E1BBBC-5A2B-442B-87FB-CAE21822F1DC}
	EndGlobalSection
EndGlobal
